
Microsoft Visual Studio Solution File, Format Version 12.00
# Visual Studio 15
VisualStudioVersion = 15.0.28010.2041
MinimumVisualStudioVersion = 10.0.40219.1
Project("{FAE04EC0-301F-11D3-BF4B-00C04F79EFBC}") = "Pluto", "Pluto\Pluto.csproj", "{B8F5E9B9-7CA3-4A76-B3A5-13BAEC16036C}"
EndProject
Project("{FAE04EC0-301F-11D3-BF4B-00C04F79EFBC}") = "Pluto.Tests", "Pluto.Tests\Pluto.Tests.csproj", "{FCDF4704-8E04-45EA-896E-1DC93F142029}"
EndProject
Global
	GlobalSection(SolutionConfigurationPlatforms) = preSolution
		Debug|Any CPU = Debug|Any CPU
		Release|Any CPU = Release|Any CPU
	EndGlobalSection
	GlobalSection(ProjectConfigurationPlatforms) = postSolution
		{B8F5E9B9-7CA3-4A76-B3A5-13BAEC16036C}.Debug|Any CPU.ActiveCfg = Debug|Any CPU
		{B8F5E9B9-7CA3-4A76-B3A5-13BAEC16036C}.Debug|Any CPU.Build.0 = Debug|Any CPU
		{B8F5E9B9-7CA3-4A76-B3A5-13BAEC16036C}.Release|Any CPU.ActiveCfg = Release|Any CPU
		{B8F5E9B9-7CA3-4A76-B3A5-13BAEC16036C}.Release|Any CPU.Build.0 = Release|Any CPU
		{FCDF4704-8E04-45EA-896E-1DC93F142029}.Debug|Any CPU.ActiveCfg = Debug|Any CPU
		{FCDF4704-8E04-45EA-896E-1DC93F142029}.Debug|Any CPU.Build.0 = Debug|Any CPU
		{FCDF4704-8E04-45EA-896E-1DC93F142029}.Release|Any CPU.ActiveCfg = Release|Any CPU
		{FCDF4704-8E04-45EA-896E-1DC93F142029}.Release|Any CPU.Build.0 = Release|Any CPU
	EndGlobalSection
	GlobalSection(SolutionProperties) = preSolution
		HideSolutionNode = FALSE
	EndGlobalSection
	GlobalSection(ExtensibilityGlobals) = postSolution
		SolutionGuid = {0BCE1151-716B-4227-B47B-18A135F42184}
	EndGlobalSection
EndGlobal
